
Microsoft Visual Studio Solution File, Format Version 12.00
# Visual Studio Version 17
VisualStudioVersion = 17.0.32126.317
MinimumVisualStudioVersion = 10.0.40219.1
Project("{FAE04EC0-301F-11D3-BF4B-00C04F79EFBC}") = "App.ConceptsPOO", "App.ConceptsPOO\App.ConceptsPOO.csproj", "{F24F023C-105E-44D7-BDB7-03F5FA070209}"
EndProject
Global
	GlobalSection(SolutionConfigurationPlatforms) = preSolution
		Debug|Any CPU = Debug|Any CPU
		Release|Any CPU = Release|Any CPU
	EndGlobalSection
	GlobalSection(ProjectConfigurationPlatforms) = postSolution
		{F24F023C-105E-44D7-BDB7-03F5FA070209}.Debug|Any CPU.ActiveCfg = Debug|Any CPU
		{F24F023C-105E-44D7-BDB7-03F5FA070209}.Debug|Any CPU.Build.0 = Debug|Any CPU
		{F24F023C-105E-44D7-BDB7-03F5FA070209}.Release|Any CPU.ActiveCfg = Release|Any CPU
		{F24F023C-105E-44D7-BDB7-03F5FA070209}.Release|Any CPU.Build.0 = Release|Any CPU
	EndGlobalSection
	GlobalSection(SolutionProperties) = preSolution
		HideSolutionNode = FALSE
	EndGlobalSection
	GlobalSection(ExtensibilityGlobals) = postSolution
		SolutionGuid = {3D3C1F17-5F0B-4610-8E58-A06D5A8A01C9}
	EndGlobalSection
EndGlobal
